
Microsoft Visual Studio Solution File, Format Version 10.00
# Visual Studio 2008
Project("{8BC9CEB8-8B4A-11D0-8D11-00A0C91BC942}") = "shift_map_image_editing", "shift_map_image_editing\shift_map_image_editing.vcproj", "{161BC9E3-B1F7-46AE-A06A-770772AD0AE0}"
EndProject
Global
	GlobalSection(SolutionConfigurationPlatforms) = preSolution
		Debug|Win32 = Debug|Win32
		Release|Win32 = Release|Win32
	EndGlobalSection
	GlobalSection(ProjectConfigurationPlatforms) = postSolution
		{161BC9E3-B1F7-46AE-A06A-770772AD0AE0}.Debug|Win32.ActiveCfg = Debug|Win32
		{161BC9E3-B1F7-46AE-A06A-770772AD0AE0}.Debug|Win32.Build.0 = Debug|Win32
		{161BC9E3-B1F7-46AE-A06A-770772AD0AE0}.Release|Win32.ActiveCfg = Release|Win32
		{161BC9E3-B1F7-46AE-A06A-770772AD0AE0}.Release|Win32.Build.0 = Release|Win32
	EndGlobalSection
	GlobalSection(SolutionProperties) = preSolution
		HideSolutionNode = FALSE
	EndGlobalSection
EndGlobal
